# The current aspect epoch is replayed directly onto the published v0.8.3
# release. See docs/aspect-compiler-epochs/v0.8.3-2026-09.md for the immutable
# old-to-new map from the preceding v0.8.1 epoch.
schema=1
canonical_branch=integration/aspects
upstream_repository=https://github.com/jolt-lang/jolt.git
upstream_release=v0.8.3
upstream_base_commit=343f730922cf16fafe673b466cedcdcfe0596854
upstream_release_commit=343f730922cf16fafe673b466cedcdcfe0596854
upstream_tree=39ba588512ec3c970db3a708393426199bd88520
aspect_root_commit=eaf4ae8588feaf88bfba7a727d50d08d7ee5945a
verified_ancestor=efeeeb0580bfed731d977b405a796af2d479595c
